
Microsoft Visual Studio Solution File, Format Version 12.00
# Visual Studio Version 17
VisualStudioVersion = 17.0.31912.275
MinimumVisualStudioVersion = 10.0.40219.1
Project("{FAE04EC0-301F-11D3-BF4B-00C04F79EFBC}") = "Game", "Game\Game.csproj", "{7C5B04D5-A71E-4561-BC80-D0A9676448D4}"
EndProject
Global
	GlobalSection(SolutionConfigurationPlatforms) = preSolution
		Debug|Any CPU = Debug|Any CPU
		Release|Any CPU = Release|Any CPU
	EndGlobalSection
	GlobalSection(ProjectConfigurationPlatforms) = postSolution
		{7C5B04D5-A71E-4561-BC80-D0A9676448D4}.Debug|Any CPU.ActiveCfg = Debug|Any CPU
		{7C5B04D5-A71E-4561-BC80-D0A9676448D4}.Debug|Any CPU.Build.0 = Debug|Any CPU
		{7C5B04D5-A71E-4561-BC80-D0A9676448D4}.Release|Any CPU.ActiveCfg = Release|Any CPU
		{7C5B04D5-A71E-4561-BC80-D0A9676448D4}.Release|Any CPU.Build.0 = Release|Any CPU
	EndGlobalSection
	GlobalSection(SolutionProperties) = preSolution
		HideSolutionNode = FALSE
	EndGlobalSection
	GlobalSection(ExtensibilityGlobals) = postSolution
		SolutionGuid = {276F614D-DC29-4A40-9B23-6ACB9AE5B180}
	EndGlobalSection
EndGlobal
